
Microsoft Visual Studio Solution File, Format Version 12.00
# Visual Studio Version 17
VisualStudioVersion = 17.0.32014.148
MinimumVisualStudioVersion = 10.0.40219.1
Project("{FAE04EC0-301F-11D3-BF4B-00C04F79EFBC}") = "class_objects_attributes", "class_objects_attributes\class_objects_attributes.csproj", "{5ABBA0A8-9F7C-4A67-9639-D605B1CF87A4}"
EndProject
Global
	GlobalSection(SolutionConfigurationPlatforms) = preSolution
		Debug|Any CPU = Debug|Any CPU
		Release|Any CPU = Release|Any CPU
	EndGlobalSection
	GlobalSection(ProjectConfigurationPlatforms) = postSolution
		{5ABBA0A8-9F7C-4A67-9639-D605B1CF87A4}.Debug|Any CPU.ActiveCfg = Debug|Any CPU
		{5ABBA0A8-9F7C-4A67-9639-D605B1CF87A4}.Debug|Any CPU.Build.0 = Debug|Any CPU
		{5ABBA0A8-9F7C-4A67-9639-D605B1CF87A4}.Release|Any CPU.ActiveCfg = Release|Any CPU
		{5ABBA0A8-9F7C-4A67-9639-D605B1CF87A4}.Release|Any CPU.Build.0 = Release|Any CPU
	EndGlobalSection
	GlobalSection(SolutionProperties) = preSolution
		HideSolutionNode = FALSE
	EndGlobalSection
	GlobalSection(ExtensibilityGlobals) = postSolution
		SolutionGuid = {2CBDE060-8A99-4820-A537-FD6C2306503C}
	EndGlobalSection
EndGlobal
